
Microsoft Visual Studio Solution File, Format Version 12.00
# Visual Studio 2013
VisualStudioVersion = 12.0.40629.0
MinimumVisualStudioVersion = 10.0.40219.1
Project("{FAE04EC0-301F-11D3-BF4B-00C04F79EFBC}") = "My Music Player", "My Music Player\My Music Player.csproj", "{DF9D0208-7678-4F00-85F5-207E07B6A33C}"
EndProject
Global
	GlobalSection(SolutionConfigurationPlatforms) = preSolution
		Debug|Any CPU = Debug|Any CPU
		Release|Any CPU = Release|Any CPU
	EndGlobalSection
	GlobalSection(ProjectConfigurationPlatforms) = postSolution
		{DF9D0208-7678-4F00-85F5-207E07B6A33C}.Debug|Any CPU.ActiveCfg = Debug|Any CPU
		{DF9D0208-7678-4F00-85F5-207E07B6A33C}.Debug|Any CPU.Build.0 = Debug|Any CPU
		{DF9D0208-7678-4F00-85F5-207E07B6A33C}.Release|Any CPU.ActiveCfg = Release|Any CPU
		{DF9D0208-7678-4F00-85F5-207E07B6A33C}.Release|Any CPU.Build.0 = Release|Any CPU
	EndGlobalSection
	GlobalSection(SolutionProperties) = preSolution
		HideSolutionNode = FALSE
	EndGlobalSection
EndGlobal
